
Microsoft Visual Studio Solution File, Format Version 12.00
# Visual Studio Version 17
VisualStudioVersion = 17.11.35222.181
MinimumVisualStudioVersion = 10.0.40219.1
Project("{FAE04EC0-301F-11D3-BF4B-00C04F79EFBC}") = "Eurowings", "Eurowings\Eurowings.csproj", "{3CAFAFC8-9A59-402E-942F-1CCB12AA7619}"
EndProject
Project("{FAE04EC0-301F-11D3-BF4B-00C04F79EFBC}") = "Eurowings.Specs", "Eurowings.Specs\Eurowings.Specs.csproj", "{5006E054-DB68-4C2A-96C3-E97F9119FB7E}"
EndProject
Global
	GlobalSection(SolutionConfigurationPlatforms) = preSolution
		Debug|Any CPU = Debug|Any CPU
		Release|Any CPU = Release|Any CPU
	EndGlobalSection
	GlobalSection(ProjectConfigurationPlatforms) = postSolution
		{3CAFAFC8-9A59-402E-942F-1CCB12AA7619}.Debug|Any CPU.ActiveCfg = Debug|Any CPU
		{3CAFAFC8-9A59-402E-942F-1CCB12AA7619}.Debug|Any CPU.Build.0 = Debug|Any CPU
		{3CAFAFC8-9A59-402E-942F-1CCB12AA7619}.Release|Any CPU.ActiveCfg = Release|Any CPU
		{3CAFAFC8-9A59-402E-942F-1CCB12AA7619}.Release|Any CPU.Build.0 = Release|Any CPU
		{5006E054-DB68-4C2A-96C3-E97F9119FB7E}.Debug|Any CPU.ActiveCfg = Debug|Any CPU
		{5006E054-DB68-4C2A-96C3-E97F9119FB7E}.Debug|Any CPU.Build.0 = Debug|Any CPU
		{5006E054-DB68-4C2A-96C3-E97F9119FB7E}.Release|Any CPU.ActiveCfg = Release|Any CPU
		{5006E054-DB68-4C2A-96C3-E97F9119FB7E}.Release|Any CPU.Build.0 = Release|Any CPU
	EndGlobalSection
	GlobalSection(SolutionProperties) = preSolution
		HideSolutionNode = FALSE
	EndGlobalSection
	GlobalSection(ExtensibilityGlobals) = postSolution
		SolutionGuid = {DADB7AEF-677A-4D56-971F-9FB94C215917}
	EndGlobalSection
EndGlobal
